
Microsoft Visual Studio Solution File, Format Version 12.00
# Visual Studio Version 17
VisualStudioVersion = 17.0.31903.59
MinimumVisualStudioVersion = 10.0.40219.1
Project("{FAE04EC0-301F-11D3-BF4B-00C04F79EFBC}") = "MiCodeAutoToolBox.App", "MiCodeAutoToolBox.App\MiCodeAutoToolBox.App.csproj", "{62837675-FDD2-4887-A2ED-4CA24D2C5AEE}"
EndProject
Project("{FAE04EC0-301F-11D3-BF4B-00C04F79EFBC}") = "MiCodeAutoToolBox.Core", "MiCodeAutoToolBox.Core\MiCodeAutoToolBox.Core.csproj", "{F60CC1E6-B3E4-4608-BC94-AE844AF54C90}"
EndProject
Global
	GlobalSection(SolutionConfigurationPlatforms) = preSolution
		Debug|Any CPU = Debug|Any CPU
		Release|Any CPU = Release|Any CPU
	EndGlobalSection
	GlobalSection(SolutionProperties) = preSolution
		HideSolutionNode = FALSE
	EndGlobalSection
	GlobalSection(ProjectConfigurationPlatforms) = postSolution
		{62837675-FDD2-4887-A2ED-4CA24D2C5AEE}.Debug|Any CPU.ActiveCfg = Debug|Any CPU
		{62837675-FDD2-4887-A2ED-4CA24D2C5AEE}.Debug|Any CPU.Build.0 = Debug|Any CPU
		{62837675-FDD2-4887-A2ED-4CA24D2C5AEE}.Release|Any CPU.ActiveCfg = Release|Any CPU
		{62837675-FDD2-4887-A2ED-4CA24D2C5AEE}.Release|Any CPU.Build.0 = Release|Any CPU
		{F60CC1E6-B3E4-4608-BC94-AE844AF54C90}.Debug|Any CPU.ActiveCfg = Debug|Any CPU
		{F60CC1E6-B3E4-4608-BC94-AE844AF54C90}.Debug|Any CPU.Build.0 = Debug|Any CPU
		{F60CC1E6-B3E4-4608-BC94-AE844AF54C90}.Release|Any CPU.ActiveCfg = Release|Any CPU
		{F60CC1E6-B3E4-4608-BC94-AE844AF54C90}.Release|Any CPU.Build.0 = Release|Any CPU
	EndGlobalSection
EndGlobal
